
Microsoft Visual Studio Solution File, Format Version 12.00
# Visual Studio Version 17
VisualStudioVersion = 17.8.34004.107
MinimumVisualStudioVersion = 10.0.40219.1
Project("{9A19103F-16F7-4668-BE54-9A1E7A4F7556}") = "EjendomBeregner.BusinessLogic", "EjendomBeregner.BusinessLogic\EjendomBeregner.BusinessLogic.csproj", "{A0A57D16-A61C-4715-8CAF-D742C50FB3E7}"
EndProject
Project("{FAE04EC0-301F-11D3-BF4B-00C04F79EFBC}") = "Ejendomsberegner.Api", "Ejendomsberegner.Api\Ejendomsberegner.Api.csproj", "{4C77B840-4EC2-4437-A974-4D37AB7A77F0}"
EndProject
Global
	GlobalSection(SolutionConfigurationPlatforms) = preSolution
		Debug|Any CPU = Debug|Any CPU
		Release|Any CPU = Release|Any CPU
	EndGlobalSection
	GlobalSection(ProjectConfigurationPlatforms) = postSolution
		{A0A57D16-A61C-4715-8CAF-D742C50FB3E7}.Debug|Any CPU.ActiveCfg = Debug|Any CPU
		{A0A57D16-A61C-4715-8CAF-D742C50FB3E7}.Debug|Any CPU.Build.0 = Debug|Any CPU
		{A0A57D16-A61C-4715-8CAF-D742C50FB3E7}.Release|Any CPU.ActiveCfg = Release|Any CPU
		{A0A57D16-A61C-4715-8CAF-D742C50FB3E7}.Release|Any CPU.Build.0 = Release|Any CPU
		{4C77B840-4EC2-4437-A974-4D37AB7A77F0}.Debug|Any CPU.ActiveCfg = Debug|Any CPU
		{4C77B840-4EC2-4437-A974-4D37AB7A77F0}.Debug|Any CPU.Build.0 = Debug|Any CPU
		{4C77B840-4EC2-4437-A974-4D37AB7A77F0}.Release|Any CPU.ActiveCfg = Release|Any CPU
		{4C77B840-4EC2-4437-A974-4D37AB7A77F0}.Release|Any CPU.Build.0 = Release|Any CPU
	EndGlobalSection
	GlobalSection(SolutionProperties) = preSolution
		HideSolutionNode = FALSE
	EndGlobalSection
	GlobalSection(ExtensibilityGlobals) = postSolution
		SolutionGuid = {CC0BD861-6957-435E-991A-F179953DE480}
	EndGlobalSection
EndGlobal
